{
  "name": "NLPRealEstate",
  "lockfileVersion": 3,
  "requires": true,
  "packages": {
    "": {
      "dependencies": {
        "@fontsource/quicksand": "^5.0.8"
      }
    },
    "node_modules/@fontsource/quicksand": {
      "version": "5.0.8",
      "resolved": "https://registry.npmjs.org/@fontsource/quicksand/-/quicksand-5.0.8.tgz",
      "integrity": "sha512-yckyBMWMerElcJq23yBZ8MOYLN3cJQFbb+bVQOhRrt68qRMDpselnF+/IYR078eHHmYOzNAfQaopFEeHaXrGyw=="
    }
  }
}
