# THIS IS AN AUTOGENERATED FILE. DO NOT EDIT THIS FILE DIRECTLY.
# yarn lockfile v1


"@fontsource/quicksand@^5.0.8":
  version "5.0.8"
  resolved "https://registry.yarnpkg.com/@fontsource/quicksand/-/quicksand-5.0.8.tgz#2c5ecbbc9ce0fed69cdaffa2b20ef2d8a7e9f1b3"
  integrity sha512-yckyBMWMerElcJq23yBZ8MOYLN3cJQFbb+bVQOhRrt68qRMDpselnF+/IYR078eHHmYOzNAfQaopFEeHaXrGyw==

classnames@^2.1.2:
  version "2.3.2"
  resolved "https://registry.yarnpkg.com/classnames/-/classnames-2.3.2.tgz#351d813bf0137fcc6a76a16b88208d2560a0d924"
  integrity sha512-CSbhY4cFEJRe6/GQzIk5qXZ4Jeg5pcsP7b5peFSDpffpe1cqjASH/n9UTjBwOp6XpMSTwQ8Za2K5V02ueA7Tmw==

hoist-non-react-statics@^1.0.3:
  version "1.2.0"
  resolved "https://registry.yarnpkg.com/hoist-non-react-statics/-/hoist-non-react-statics-1.2.0.tgz#aa448cf0986d55cc40773b17174b7dd066cb7cfb"
  integrity sha512-r8huvKK+m+VraiRipdZYc+U4XW43j6OFG/oIafe7GfDbRpCduRoX9JI/DRxqgtBSCeL+et6N6ibZoedHS2NyOQ==

react-async-loader@^0.1.2:
  version "0.1.2"
  resolved "https://registry.yarnpkg.com/react-async-loader/-/react-async-loader-0.1.2.tgz#8c985381487fd1c126ec90b3a03c759f0c0b9480"
  integrity sha512-XCzZfNbTeVXlBGMgdg+7vc5xQdSSNGvGqzefXND0Q4SucZWqvv9keooOFrhs5cHlTQ11WcfysmqSMVSjr3CPLA==
  dependencies:
    hoist-non-react-statics "^1.0.3"

react-streetview@^1.1.1:
  version "1.1.1"
  resolved "https://registry.yarnpkg.com/react-streetview/-/react-streetview-1.1.1.tgz#48040b4fd7fd5d25f1a312c7eeb62e3c582c9020"
  integrity sha512-t6rB/S7aTCjTsE77Jk5TqLwhx60NJRxF5Sk7eCBw0ku+lbUuSV5gGrWTny6fJO9JZ4pUqvkE/xmDfM5rLkAD7A==
  dependencies:
    classnames "^2.1.2"
    react-async-loader "^0.1.2"
